// !$*UTF8*$!
{
	archiveVersion = 1;
	classes = {
	};
	objectVersion = 56;
	objects = {

/* Begin PBXBuildFile section */
		950378712A44226900DDC848 /* GBShopApp.swift in Sources */ = {isa = PBXBuildFile; fileRef = 950378702A44226900DDC848 /* GBShopApp.swift */; };
		950378732A44226900DDC848 /* ContentView.swift in Sources */ = {isa = PBXBuildFile; fileRef = 950378722A44226900DDC848 /* ContentView.swift */; };
		950378752A44226A00DDC848 /* Assets.xcassets in Resources */ = {isa = PBXBuildFile; fileRef = 950378742A44226A00DDC848 /* Assets.xcassets */; };
		950378782A44226A00DDC848 /* Preview Assets.xcassets in Resources */ = {isa = PBXBuildFile; fileRef = 950378772A44226A00DDC848 /* Preview Assets.xcassets */; };
		9503787A2A44226A00DDC848 /* Persistence.swift in Sources */ = {isa = PBXBuildFile; fileRef = 950378792A44226A00DDC848 /* Persistence.swift */; };
		9503787D2A44226A00DDC848 /* GBShop.xcdatamodeld in Sources */ = {isa = PBXBuildFile; fileRef = 9503787B2A44226A00DDC848 /* GBShop.xcdatamodeld */; };
		950378872A44226A00DDC848 /* GBShopTests.swift in Sources */ = {isa = PBXBuildFile; fileRef = 950378862A44226A00DDC848 /* GBShopTests.swift */; };
		950378912A44226A00DDC848 /* GBShopUITests.swift in Sources */ = {isa = PBXBuildFile; fileRef = 950378902A44226A00DDC848 /* GBShopUITests.swift */; };
		950378932A44226A00DDC848 /* GBShopUITestsLaunchTests.swift in Sources */ = {isa = PBXBuildFile; fileRef = 950378922A44226A00DDC848 /* GBShopUITestsLaunchTests.swift */; };
		9583AF332A4575D8008BAB2E /* Alamofire in Frameworks */ = {isa = PBXBuildFile; productRef = 9583AF322A4575D8008BAB2E /* Alamofire */; };
		9583AF352A457605008BAB2E /* AbstractErrorParser.swift in Sources */ = {isa = PBXBuildFile; fileRef = 9583AF342A457605008BAB2E /* AbstractErrorParser.swift */; };
		9583AF372A45760C008BAB2E /* ErrorParser.swift in Sources */ = {isa = PBXBuildFile; fileRef = 9583AF362A45760C008BAB2E /* ErrorParser.swift */; };
		9583AF392A457619008BAB2E /* ResponseCodable.swift in Sources */ = {isa = PBXBuildFile; fileRef = 9583AF382A457619008BAB2E /* ResponseCodable.swift */; };
		9583AF3B2A457627008BAB2E /* AbstractRequestFactory.swift in Sources */ = {isa = PBXBuildFile; fileRef = 9583AF3A2A457627008BAB2E /* AbstractRequestFactory.swift */; };
		9583AF3D2A45762F008BAB2E /* RequestRouter.swift in Sources */ = {isa = PBXBuildFile; fileRef = 9583AF3C2A45762F008BAB2E /* RequestRouter.swift */; };
		9583AF412A4578D8008BAB2E /* LoginResult.swift in Sources */ = {isa = PBXBuildFile; fileRef = 9583AF402A4578D8008BAB2E /* LoginResult.swift */; };
		9583AF432A4578E2008BAB2E /* User.swift in Sources */ = {isa = PBXBuildFile; fileRef = 9583AF422A4578E2008BAB2E /* User.swift */; };
		9583AF462A45797B008BAB2E /* AuthRequestFactory.swift in Sources */ = {isa = PBXBuildFile; fileRef = 9583AF452A45797B008BAB2E /* AuthRequestFactory.swift */; };
		9583AF482A4579C8008BAB2E /* Auth.swift in Sources */ = {isa = PBXBuildFile; fileRef = 9583AF472A4579C8008BAB2E /* Auth.swift */; };
		9583AF4A2A457A83008BAB2E /* RequestFactory.swift in Sources */ = {isa = PBXBuildFile; fileRef = 9583AF492A457A83008BAB2E /* RequestFactory.swift */; };
		9583AF4C2A457BBC008BAB2E /* ContainerViewModel.swift in Sources */ = {isa = PBXBuildFile; fileRef = 9583AF4B2A457BBC008BAB2E /* ContainerViewModel.swift */; };
/* End PBXBuildFile section */

/* Begin PBXContainerItemProxy section */
		950378832A44226A00DDC848 /* PBXContainerItemProxy */ = {
			isa = PBXContainerItemProxy;
			containerPortal = 950378652A44226900DDC848 /* Project object */;
			proxyType = 1;
			remoteGlobalIDString = 9503786C2A44226900DDC848;
			remoteInfo = GBShop;
		};
		9503788D2A44226A00DDC848 /* PBXContainerItemProxy */ = {
			isa = PBXContainerItemProxy;
			containerPortal = 950378652A44226900DDC848 /* Project object */;
			proxyType = 1;
			remoteGlobalIDString = 9503786C2A44226900DDC848;
			remoteInfo = GBShop;
		};
/* End PBXContainerItemProxy section */

/* Begin PBXFileReference section */
		9503786D2A44226900DDC848 /* GBShop.app */ = {isa = PBXFileReference; explicitFileType = wrapper.application; includeInIndex = 0; path = GBShop.app; sourceTree = BUILT_PRODUCTS_DIR; };
		950378702A44226900DDC848 /* GBShopApp.swift */ = {isa = PBXFileReference; lastKnownFileType = sourcecode.swift; path = GBShopApp.swift; sourceTree = "<group>"; };
		950378722A44226900DDC848 /* ContentView.swift */ = {isa = PBXFileReference; lastKnownFileType = sourcecode.swift; path = ContentView.swift; sourceTree = "<group>"; };
		950378742A44226A00DDC848 /* Assets.xcassets */ = {isa = PBXFileReference; lastKnownFileType = folder.assetcatalog; path = Assets.xcassets; sourceTree = "<group>"; };
		950378772A44226A00DDC848 /* Preview Assets.xcassets */ = {isa = PBXFileReference; lastKnownFileType = folder.assetcatalog; path = "Preview Assets.xcassets"; sourceTree = "<group>"; };
		950378792A44226A00DDC848 /* Persistence.swift */ = {isa = PBXFileReference; lastKnownFileType = sourcecode.swift; path = Persistence.swift; sourceTree = "<group>"; };
		9503787C2A44226A00DDC848 /* GBShop.xcdatamodel */ = {isa = PBXFileReference; lastKnownFileType = wrapper.xcdatamodel; path = GBShop.xcdatamodel; sourceTree = "<group>"; };
		950378822A44226A00DDC848 /* GBShopTests.xctest */ = {isa = PBXFileReference; explicitFileType = wrapper.cfbundle; includeInIndex = 0; path = GBShopTests.xctest; sourceTree = BUILT_PRODUCTS_DIR; };
		950378862A44226A00DDC848 /* GBShopTests.swift */ = {isa = PBXFileReference; lastKnownFileType = sourcecode.swift; path = GBShopTests.swift; sourceTree = "<group>"; };
		9503788C2A44226A00DDC848 /* GBShopUITests.xctest */ = {isa = PBXFileReference; explicitFileType = wrapper.cfbundle; includeInIndex = 0; path = GBShopUITests.xctest; sourceTree = BUILT_PRODUCTS_DIR; };
		950378902A44226A00DDC848 /* GBShopUITests.swift */ = {isa = PBXFileReference; lastKnownFileType = sourcecode.swift; path = GBShopUITests.swift; sourceTree = "<group>"; };
		950378922A44226A00DDC848 /* GBShopUITestsLaunchTests.swift */ = {isa = PBXFileReference; lastKnownFileType = sourcecode.swift; path = GBShopUITestsLaunchTests.swift; sourceTree = "<group>"; };
		9583AF342A457605008BAB2E /* AbstractErrorParser.swift */ = {isa = PBXFileReference; lastKnownFileType = sourcecode.swift; path = AbstractErrorParser.swift; sourceTree = "<group>"; };
		9583AF362A45760C008BAB2E /* ErrorParser.swift */ = {isa = PBXFileReference; lastKnownFileType = sourcecode.swift; path = ErrorParser.swift; sourceTree = "<group>"; };
		9583AF382A457619008BAB2E /* ResponseCodable.swift */ = {isa = PBXFileReference; lastKnownFileType = sourcecode.swift; path = ResponseCodable.swift; sourceTree = "<group>"; };
		9583AF3A2A457627008BAB2E /* AbstractRequestFactory.swift */ = {isa = PBXFileReference; lastKnownFileType = sourcecode.swift; path = AbstractRequestFactory.swift; sourceTree = "<group>"; };
		9583AF3C2A45762F008BAB2E /* RequestRouter.swift */ = {isa = PBXFileReference; lastKnownFileType = sourcecode.swift; path = RequestRouter.swift; sourceTree = "<group>"; };
		9583AF402A4578D8008BAB2E /* LoginResult.swift */ = {isa = PBXFileReference; lastKnownFileType = sourcecode.swift; path = LoginResult.swift; sourceTree = "<group>"; };
		9583AF422A4578E2008BAB2E /* User.swift */ = {isa = PBXFileReference; lastKnownFileType = sourcecode.swift; path = User.swift; sourceTree = "<group>"; };
		9583AF452A45797B008BAB2E /* AuthRequestFactory.swift */ = {isa = PBXFileReference; lastKnownFileType = sourcecode.swift; path = AuthRequestFactory.swift; sourceTree = "<group>"; };
		9583AF472A4579C8008BAB2E /* Auth.swift */ = {isa = PBXFileReference; lastKnownFileType = sourcecode.swift; path = Auth.swift; sourceTree = "<group>"; };
		9583AF492A457A83008BAB2E /* RequestFactory.swift */ = {isa = PBXFileReference; lastKnownFileType = sourcecode.swift; path = RequestFactory.swift; sourceTree = "<group>"; };
		9583AF4B2A457BBC008BAB2E /* ContainerViewModel.swift */ = {isa = PBXFileReference; lastKnownFileType = sourcecode.swift; path = ContainerViewModel.swift; sourceTree = "<group>"; };
/* End PBXFileReference section */

/* Begin PBXFrameworksBuildPhase section */
		9503786A2A44226900DDC848 /* Frameworks */ = {
			isa = PBXFrameworksBuildPhase;
			buildActionMask = 2147483647;
			files = (
				9583AF332A4575D8008BAB2E /* Alamofire in Frameworks */,
			);
			runOnlyForDeploymentPostprocessing = 0;
		};
		9503787F2A44226A00DDC848 /* Frameworks */ = {
			isa = PBXFrameworksBuildPhase;
			buildActionMask = 2147483647;
			files = (
			);
			runOnlyForDeploymentPostprocessing = 0;
		};
		950378892A44226A00DDC848 /* Frameworks */ = {
			isa = PBXFrameworksBuildPhase;
			buildActionMask = 2147483647;
			files = (
			);
			runOnlyForDeploymentPostprocessing = 0;
		};
/* End PBXFrameworksBuildPhase section */

/* Begin PBXGroup section */
		950378642A44226900DDC848 = {
			isa = PBXGroup;
			children = (
				9503786F2A44226900DDC848 /* GBShop */,
				950378852A44226A00DDC848 /* GBShopTests */,
				9503788F2A44226A00DDC848 /* GBShopUITests */,
				9503786E2A44226900DDC848 /* Products */,
			);
			sourceTree = "<group>";
		};
		9503786E2A44226900DDC848 /* Products */ = {
			isa = PBXGroup;
			children = (
				9503786D2A44226900DDC848 /* GBShop.app */,
				950378822A44226A00DDC848 /* GBShopTests.xctest */,
				9503788C2A44226A00DDC848 /* GBShopUITests.xctest */,
			);
			name = Products;
			sourceTree = "<group>";
		};
		9503786F2A44226900DDC848 /* GBShop */ = {
			isa = PBXGroup;
			children = (
				95A4DE142A442A7500F9D078 /* App */,
				95A4DE112A4429FF00F9D078 /* Core */,
				95A4DE122A442A0300F9D078 /* Resources */,
				95A4DE132A442A4700F9D078 /* Environments */,
				950378762A44226A00DDC848 /* Preview Content */,
			);
			path = GBShop;
			sourceTree = "<group>";
		};
		950378762A44226A00DDC848 /* Preview Content */ = {
			isa = PBXGroup;
			children = (
				950378772A44226A00DDC848 /* Preview Assets.xcassets */,
			);
			path = "Preview Content";
			sourceTree = "<group>";
		};
		950378852A44226A00DDC848 /* GBShopTests */ = {
			isa = PBXGroup;
			children = (
				950378862A44226A00DDC848 /* GBShopTests.swift */,
			);
			path = GBShopTests;
			sourceTree = "<group>";
		};
		9503788F2A44226A00DDC848 /* GBShopUITests */ = {
			isa = PBXGroup;
			children = (
				950378902A44226A00DDC848 /* GBShopUITests.swift */,
				950378922A44226A00DDC848 /* GBShopUITestsLaunchTests.swift */,
			);
			path = GBShopUITests;
			sourceTree = "<group>";
		};
		9583AF302A45742B008BAB2E /* Network */ = {
			isa = PBXGroup;
			children = (
				9583AF342A457605008BAB2E /* AbstractErrorParser.swift */,
				9583AF362A45760C008BAB2E /* ErrorParser.swift */,
				9583AF382A457619008BAB2E /* ResponseCodable.swift */,
				9583AF3A2A457627008BAB2E /* AbstractRequestFactory.swift */,
				9583AF3C2A45762F008BAB2E /* RequestRouter.swift */,
			);
			path = Network;
			sourceTree = "<group>";
		};
		9583AF442A457974008BAB2E /* Network */ = {
			isa = PBXGroup;
			children = (
				9583AF452A45797B008BAB2E /* AuthRequestFactory.swift */,
				9583AF472A4579C8008BAB2E /* Auth.swift */,
				9583AF492A457A83008BAB2E /* RequestFactory.swift */,
			);
			path = Network;
			sourceTree = "<group>";
		};
		95A4DE112A4429FF00F9D078 /* Core */ = {
			isa = PBXGroup;
			children = (
				9583AF302A45742B008BAB2E /* Network */,
				95A4DE172A442B0200F9D078 /* CoreData */,
			);
			path = Core;
			sourceTree = "<group>";
		};
		95A4DE122A442A0300F9D078 /* Resources */ = {
			isa = PBXGroup;
			children = (
				950378742A44226A00DDC848 /* Assets.xcassets */,
			);
			path = Resources;
			sourceTree = "<group>";
		};
		95A4DE132A442A4700F9D078 /* Environments */ = {
			isa = PBXGroup;
			children = (
			);
			path = Environments;
			sourceTree = "<group>";
		};
		95A4DE142A442A7500F9D078 /* App */ = {
			isa = PBXGroup;
			children = (
				950378702A44226900DDC848 /* GBShopApp.swift */,
				95A4DE152A442A8600F9D078 /* BusinesLogic */,
				95A4DE182A442B8100F9D078 /* Entity */,
				95A4DE192A442B9D00F9D078 /* Assembly */,
				95A4DE162A442A9800F9D078 /* Flow */,
			);
			path = App;
			sourceTree = "<group>";
		};
		95A4DE152A442A8600F9D078 /* BusinesLogic */ = {
			isa = PBXGroup;
			children = (
				9583AF442A457974008BAB2E /* Network */,
			);
			path = BusinesLogic;
			sourceTree = "<group>";
		};
		95A4DE162A442A9800F9D078 /* Flow */ = {
			isa = PBXGroup;
			children = (
				950378722A44226900DDC848 /* ContentView.swift */,
				9583AF4B2A457BBC008BAB2E /* ContainerViewModel.swift */,
				950378792A44226A00DDC848 /* Persistence.swift */,
			);
			path = Flow;
			sourceTree = "<group>";
		};
		95A4DE172A442B0200F9D078 /* CoreData */ = {
			isa = PBXGroup;
			children = (
				9503787B2A44226A00DDC848 /* GBShop.xcdatamodeld */,
			);
			path = CoreData;
			sourceTree = "<group>";
		};
		95A4DE182A442B8100F9D078 /* Entity */ = {
			isa = PBXGroup;
			children = (
				9583AF402A4578D8008BAB2E /* LoginResult.swift */,
				9583AF422A4578E2008BAB2E /* User.swift */,
			);
			path = Entity;
			sourceTree = "<group>";
		};
		95A4DE192A442B9D00F9D078 /* Assembly */ = {
			isa = PBXGroup;
			children = (
			);
			path = Assembly;
			sourceTree = "<group>";
		};
/* End PBXGroup section */

/* Begin PBXNativeTarget section */
		9503786C2A44226900DDC848 /* GBShop */ = {
			isa = PBXNativeTarget;
			buildConfigurationList = 950378962A44226A00DDC848 /* Build configuration list for PBXNativeTarget "GBShop" */;
			buildPhases = (
				950378692A44226900DDC848 /* Sources */,
				9503786A2A44226900DDC848 /* Frameworks */,
				9503786B2A44226900DDC848 /* Resources */,
			);
			buildRules = (
			);
			dependencies = (
			);
			name = GBShop;
			packageProductDependencies = (
				9583AF322A4575D8008BAB2E /* Alamofire */,
			);
			productName = GBShop;
			productReference = 9503786D2A44226900DDC848 /* GBShop.app */;
			productType = "com.apple.product-type.application";
		};
		950378812A44226A00DDC848 /* GBShopTests */ = {
			isa = PBXNativeTarget;
			buildConfigurationList = 950378992A44226A00DDC848 /* Build configuration list for PBXNativeTarget "GBShopTests" */;
			buildPhases = (
				9503787E2A44226A00DDC848 /* Sources */,
				9503787F2A44226A00DDC848 /* Frameworks */,
				950378802A44226A00DDC848 /* Resources */,
			);
			buildRules = (
			);
			dependencies = (
				950378842A44226A00DDC848 /* PBXTargetDependency */,
			);
			name = GBShopTests;
			productName = GBShopTests;
			productReference = 950378822A44226A00DDC848 /* GBShopTests.xctest */;
			productType = "com.apple.product-type.bundle.unit-test";
		};
		9503788B2A44226A00DDC848 /* GBShopUITests */ = {
			isa = PBXNativeTarget;
			buildConfigurationList = 9503789C2A44226A00DDC848 /* Build configuration list for PBXNativeTarget "GBShopUITests" */;
			buildPhases = (
				950378882A44226A00DDC848 /* Sources */,
				950378892A44226A00DDC848 /* Frameworks */,
				9503788A2A44226A00DDC848 /* Resources */,
			);
			buildRules = (
			);
			dependencies = (
				9503788E2A44226A00DDC848 /* PBXTargetDependency */,
			);
			name = GBShopUITests;
			productName = GBShopUITests;
			productReference = 9503788C2A44226A00DDC848 /* GBShopUITests.xctest */;
			productType = "com.apple.product-type.bundle.ui-testing";
		};
/* End PBXNativeTarget section */

/* Begin PBXProject section */
		950378652A44226900DDC848 /* Project object */ = {
			isa = PBXProject;
			attributes = {
				BuildIndependentTargetsInParallel = 1;
				LastSwiftUpdateCheck = 1430;
				LastUpgradeCheck = 1430;
				TargetAttributes = {
					9503786C2A44226900DDC848 = {
						CreatedOnToolsVersion = 14.3.1;
					};
					950378812A44226A00DDC848 = {
						CreatedOnToolsVersion = 14.3.1;
						TestTargetID = 9503786C2A44226900DDC848;
					};
					9503788B2A44226A00DDC848 = {
						CreatedOnToolsVersion = 14.3.1;
						TestTargetID = 9503786C2A44226900DDC848;
					};
				};
			};
			buildConfigurationList = 950378682A44226900DDC848 /* Build configuration list for PBXProject "GBShop" */;
			compatibilityVersion = "Xcode 14.0";
			developmentRegion = en;
			hasScannedForEncodings = 0;
			knownRegions = (
				en,
				Base,
			);
			mainGroup = 950378642A44226900DDC848;
			packageReferences = (
				9583AF312A4575D8008BAB2E /* XCRemoteSwiftPackageReference "Alamofire" */,
			);
			productRefGroup = 9503786E2A44226900DDC848 /* Products */;
			projectDirPath = "";
			projectRoot = "";
			targets = (
				9503786C2A44226900DDC848 /* GBShop */,
				950378812A44226A00DDC848 /* GBShopTests */,
				9503788B2A44226A00DDC848 /* GBShopUITests */,
			);
		};
/* End PBXProject section */

/* Begin PBXResourcesBuildPhase section */
		9503786B2A44226900DDC848 /* Resources */ = {
			isa = PBXResourcesBuildPhase;
			buildActionMask = 2147483647;
			files = (
				950378782A44226A00DDC848 /* Preview Assets.xcassets in Resources */,
				950378752A44226A00DDC848 /* Assets.xcassets in Resources */,
			);
			runOnlyForDeploymentPostprocessing = 0;
		};
		950378802A44226A00DDC848 /* Resources */ = {
			isa = PBXResourcesBuildPhase;
			buildActionMask = 2147483647;
			files = (
			);
			runOnlyForDeploymentPostprocessing = 0;
		};
		9503788A2A44226A00DDC848 /* Resources */ = {
			isa = PBXResourcesBuildPhase;
			buildActionMask = 2147483647;
			files = (
			);
			runOnlyForDeploymentPostprocessing = 0;
		};
/* End PBXResourcesBuildPhase section */

/* Begin PBXSourcesBuildPhase section */
		950378692A44226900DDC848 /* Sources */ = {
			isa = PBXSourcesBuildPhase;
			buildActionMask = 2147483647;
			files = (
				9583AF482A4579C8008BAB2E /* Auth.swift in Sources */,
				9503787A2A44226A00DDC848 /* Persistence.swift in Sources */,
				9583AF372A45760C008BAB2E /* ErrorParser.swift in Sources */,
				9583AF462A45797B008BAB2E /* AuthRequestFactory.swift in Sources */,
				9583AF412A4578D8008BAB2E /* LoginResult.swift in Sources */,
				950378732A44226900DDC848 /* ContentView.swift in Sources */,
				9583AF392A457619008BAB2E /* ResponseCodable.swift in Sources */,
				9583AF3B2A457627008BAB2E /* AbstractRequestFactory.swift in Sources */,
				9583AF4C2A457BBC008BAB2E /* ContainerViewModel.swift in Sources */,
				9583AF352A457605008BAB2E /* AbstractErrorParser.swift in Sources */,
				9503787D2A44226A00DDC848 /* GBShop.xcdatamodeld in Sources */,
				9583AF4A2A457A83008BAB2E /* RequestFactory.swift in Sources */,
				950378712A44226900DDC848 /* GBShopApp.swift in Sources */,
				9583AF3D2A45762F008BAB2E /* RequestRouter.swift in Sources */,
				9583AF432A4578E2008BAB2E /* User.swift in Sources */,
			);
			runOnlyForDeploymentPostprocessing = 0;
		};
		9503787E2A44226A00DDC848 /* Sources */ = {
			isa = PBXSourcesBuildPhase;
			buildActionMask = 2147483647;
			files = (
				950378872A44226A00DDC848 /* GBShopTests.swift in Sources */,
			);
			runOnlyForDeploymentPostprocessing = 0;
		};
		950378882A44226A00DDC848 /* Sources */ = {
			isa = PBXSourcesBuildPhase;
			buildActionMask = 2147483647;
			files = (
				950378912A44226A00DDC848 /* GBShopUITests.swift in Sources */,
				950378932A44226A00DDC848 /* GBShopUITestsLaunchTests.swift in Sources */,
			);
			runOnlyForDeploymentPostprocessing = 0;
		};
/* End PBXSourcesBuildPhase section */

/* Begin PBXTargetDependency section */
		950378842A44226A00DDC848 /* PBXTargetDependency */ = {
			isa = PBXTargetDependency;
			target = 9503786C2A44226900DDC848 /* GBShop */;
			targetProxy = 950378832A44226A00DDC848 /* PBXContainerItemProxy */;
		};
		9503788E2A44226A00DDC848 /* PBXTargetDependency */ = {
			isa = PBXTargetDependency;
			target = 9503786C2A44226900DDC848 /* GBShop */;
			targetProxy = 9503788D2A44226A00DDC848 /* PBXContainerItemProxy */;
		};
/* End PBXTargetDependency section */

/* Begin XCBuildConfiguration section */
		950378942A44226A00DDC848 /* Debug */ = {
			isa = XCBuildConfiguration;
			buildSettings = {
				ALWAYS_SEARCH_USER_PATHS = NO;
				CLANG_ANALYZER_NONNULL = YES;
				CLANG_ANALYZER_NUMBER_OBJECT_CONVERSION = YES_AGGRESSIVE;
				CLANG_CXX_LANGUAGE_STANDARD = "gnu++20";
				CLANG_ENABLE_MODULES = YES;
				CLANG_ENABLE_OBJC_ARC = YES;
				CLANG_ENABLE_OBJC_WEAK = YES;
				CLANG_WARN_BLOCK_CAPTURE_AUTORELEASING = YES;
				CLANG_WARN_BOOL_CONVERSION = YES;
				CLANG_WARN_COMMA = YES;
				CLANG_WARN_CONSTANT_CONVERSION = YES;
				CLANG_WARN_DEPRECATED_OBJC_IMPLEMENTATIONS = YES;
				CLANG_WARN_DIRECT_OBJC_ISA_USAGE = YES_ERROR;
				CLANG_WARN_DOCUMENTATION_COMMENTS = YES;
				CLANG_WARN_EMPTY_BODY = YES;
				CLANG_WARN_ENUM_CONVERSION = YES;
				CLANG_WARN_INFINITE_RECURSION = YES;
				CLANG_WARN_INT_CONVERSION = YES;
				CLANG_WARN_NON_LITERAL_NULL_CONVERSION = YES;
				CLANG_WARN_OBJC_IMPLICIT_RETAIN_SELF = YES;
				CLANG_WARN_OBJC_LITERAL_CONVERSION = YES;
				CLANG_WARN_OBJC_ROOT_CLASS = YES_ERROR;
				CLANG_WARN_QUOTED_INCLUDE_IN_FRAMEWORK_HEADER = YES;
				CLANG_WARN_RANGE_LOOP_ANALYSIS = YES;
				CLANG_WARN_STRICT_PROTOTYPES = YES;
				CLANG_WARN_SUSPICIOUS_MOVE = YES;
				CLANG_WARN_UNGUARDED_AVAILABILITY = YES_AGGRESSIVE;
				CLANG_WARN_UNREACHABLE_CODE = YES;
				CLANG_WARN__DUPLICATE_METHOD_MATCH = YES;
				COPY_PHASE_STRIP = NO;
				DEBUG_INFORMATION_FORMAT = dwarf;
				ENABLE_STRICT_OBJC_MSGSEND = YES;
				ENABLE_TESTABILITY = YES;
				GCC_C_LANGUAGE_STANDARD = gnu11;
				GCC_DYNAMIC_NO_PIC = NO;
				GCC_NO_COMMON_BLOCKS = YES;
				GCC_OPTIMIZATION_LEVEL = 0;
				GCC_PREPROCESSOR_DEFINITIONS = (
					"DEBUG=1",
					"$(inherited)",
				);
				GCC_WARN_64_TO_32_BIT_CONVERSION = YES;
				GCC_WARN_ABOUT_RETURN_TYPE = YES_ERROR;
				GCC_WARN_UNDECLARED_SELECTOR = YES;
				GCC_WARN_UNINITIALIZED_AUTOS = YES_AGGRESSIVE;
				GCC_WARN_UNUSED_FUNCTION = YES;
				GCC_WARN_UNUSED_VARIABLE = YES;
				IPHONEOS_DEPLOYMENT_TARGET = 16.4;
				MTL_ENABLE_DEBUG_INFO = INCLUDE_SOURCE;
				MTL_FAST_MATH = YES;
				ONLY_ACTIVE_ARCH = YES;
				SDKROOT = iphoneos;
				SWIFT_ACTIVE_COMPILATION_CONDITIONS = DEBUG;
				SWIFT_OPTIMIZATION_LEVEL = "-Onone";
			};
			name = Debug;
		};
		950378952A44226A00DDC848 /* Release */ = {
			isa = XCBuildConfiguration;
			buildSettings = {
				ALWAYS_SEARCH_USER_PATHS = NO;
				CLANG_ANALYZER_NONNULL = YES;
				CLANG_ANALYZER_NUMBER_OBJECT_CONVERSION = YES_AGGRESSIVE;
				CLANG_CXX_LANGUAGE_STANDARD = "gnu++20";
				CLANG_ENABLE_MODULES = YES;
				CLANG_ENABLE_OBJC_ARC = YES;
				CLANG_ENABLE_OBJC_WEAK = YES;
				CLANG_WARN_BLOCK_CAPTURE_AUTORELEASING = YES;
				CLANG_WARN_BOOL_CONVERSION = YES;
				CLANG_WARN_COMMA = YES;
				CLANG_WARN_CONSTANT_CONVERSION = YES;
				CLANG_WARN_DEPRECATED_OBJC_IMPLEMENTATIONS = YES;
				CLANG_WARN_DIRECT_OBJC_ISA_USAGE = YES_ERROR;
				CLANG_WARN_DOCUMENTATION_COMMENTS = YES;
				CLANG_WARN_EMPTY_BODY = YES;
				CLANG_WARN_ENUM_CONVERSION = YES;
				CLANG_WARN_INFINITE_RECURSION = YES;
				CLANG_WARN_INT_CONVERSION = YES;
				CLANG_WARN_NON_LITERAL_NULL_CONVERSION = YES;
				CLANG_WARN_OBJC_IMPLICIT_RETAIN_SELF = YES;
				CLANG_WARN_OBJC_LITERAL_CONVERSION = YES;
				CLANG_WARN_OBJC_ROOT_CLASS = YES_ERROR;
				CLANG_WARN_QUOTED_INCLUDE_IN_FRAMEWORK_HEADER = YES;
				CLANG_WARN_RANGE_LOOP_ANALYSIS = YES;
				CLANG_WARN_STRICT_PROTOTYPES = YES;
				CLANG_WARN_SUSPICIOUS_MOVE = YES;
				CLANG_WARN_UNGUARDED_AVAILABILITY = YES_AGGRESSIVE;
				CLANG_WARN_UNREACHABLE_CODE = YES;
				CLANG_WARN__DUPLICATE_METHOD_MATCH = YES;
				COPY_PHASE_STRIP = NO;
				DEBUG_INFORMATION_FORMAT = "dwarf-with-dsym";
				ENABLE_NS_ASSERTIONS = NO;
				ENABLE_STRICT_OBJC_MSGSEND = YES;
				GCC_C_LANGUAGE_STANDARD = gnu11;
				GCC_NO_COMMON_BLOCKS = YES;
				GCC_WARN_64_TO_32_BIT_CONVERSION = YES;
				GCC_WARN_ABOUT_RETURN_TYPE = YES_ERROR;
				GCC_WARN_UNDECLARED_SELECTOR = YES;
				GCC_WARN_UNINITIALIZED_AUTOS = YES_AGGRESSIVE;
				GCC_WARN_UNUSED_FUNCTION = YES;
				GCC_WARN_UNUSED_VARIABLE = YES;
				IPHONEOS_DEPLOYMENT_TARGET = 16.4;
				MTL_ENABLE_DEBUG_INFO = NO;
				MTL_FAST_MATH = YES;
				SDKROOT = iphoneos;
				SWIFT_COMPILATION_MODE = wholemodule;
				SWIFT_OPTIMIZATION_LEVEL = "-O";
				VALIDATE_PRODUCT = YES;
			};
			name = Release;
		};
		950378972A44226A00DDC848 /* Debug */ = {
			isa = XCBuildConfiguration;
			buildSettings = {
				ASSETCATALOG_COMPILER_APPICON_NAME = AppIcon;
				ASSETCATALOG_COMPILER_GLOBAL_ACCENT_COLOR_NAME = AccentColor;
				CODE_SIGN_STYLE = Automatic;
				CURRENT_PROJECT_VERSION = 1;
				DEVELOPMENT_ASSET_PATHS = "\"GBShop/Preview Content\"";
				DEVELOPMENT_TEAM = TNTX3799P3;
				ENABLE_PREVIEWS = YES;
				GENERATE_INFOPLIST_FILE = YES;
				INFOPLIST_KEY_UIApplicationSceneManifest_Generation = YES;
				INFOPLIST_KEY_UIApplicationSupportsIndirectInputEvents = YES;
				INFOPLIST_KEY_UILaunchScreen_Generation = YES;
				INFOPLIST_KEY_UISupportedInterfaceOrientations_iPad = "UIInterfaceOrientationPortrait UIInterfaceOrientationPortraitUpsideDown UIInterfaceOrientationLandscapeLeft UIInterfaceOrientationLandscapeRight";
				INFOPLIST_KEY_UISupportedInterfaceOrientations_iPhone = "UIInterfaceOrientationPortrait UIInterfaceOrientationLandscapeLeft UIInterfaceOrientationLandscapeRight";
				LD_RUNPATH_SEARCH_PATHS = (
					"$(inherited)",
					"@executable_path/Frameworks",
				);
				MARKETING_VERSION = 1.0;
				PRODUCT_BUNDLE_IDENTIFIER = DenisDmitriev.GBShop;
				PRODUCT_NAME = "$(TARGET_NAME)";
				SWIFT_EMIT_LOC_STRINGS = YES;
				SWIFT_VERSION = 5.0;
				TARGETED_DEVICE_FAMILY = "1,2";
			};
			name = Debug;
		};
		950378982A44226A00DDC848 /* Release */ = {
			isa = XCBuildConfiguration;
			buildSettings = {
				ASSETCATALOG_COMPILER_APPICON_NAME = AppIcon;
				ASSETCATALOG_COMPILER_GLOBAL_ACCENT_COLOR_NAME = AccentColor;
				CODE_SIGN_STYLE = Automatic;
				CURRENT_PROJECT_VERSION = 1;
				DEVELOPMENT_ASSET_PATHS = "\"GBShop/Preview Content\"";
				DEVELOPMENT_TEAM = TNTX3799P3;
				ENABLE_PREVIEWS = YES;
				GENERATE_INFOPLIST_FILE = YES;
				INFOPLIST_KEY_UIApplicationSceneManifest_Generation = YES;
				INFOPLIST_KEY_UIApplicationSupportsIndirectInputEvents = YES;
				INFOPLIST_KEY_UILaunchScreen_Generation = YES;
				INFOPLIST_KEY_UISupportedInterfaceOrientations_iPad = "UIInterfaceOrientationPortrait UIInterfaceOrientationPortraitUpsideDown UIInterfaceOrientationLandscapeLeft UIInterfaceOrientationLandscapeRight";
				INFOPLIST_KEY_UISupportedInterfaceOrientations_iPhone = "UIInterfaceOrientationPortrait UIInterfaceOrientationLandscapeLeft UIInterfaceOrientationLandscapeRight";
				LD_RUNPATH_SEARCH_PATHS = (
					"$(inherited)",
					"@executable_path/Frameworks",
				);
				MARKETING_VERSION = 1.0;
				PRODUCT_BUNDLE_IDENTIFIER = DenisDmitriev.GBShop;
				PRODUCT_NAME = "$(TARGET_NAME)";
				SWIFT_EMIT_LOC_STRINGS = YES;
				SWIFT_VERSION = 5.0;
				TARGETED_DEVICE_FAMILY = "1,2";
			};
			name = Release;
		};
		9503789A2A44226A00DDC848 /* Debug */ = {
			isa = XCBuildConfiguration;
			buildSettings = {
				ALWAYS_EMBED_SWIFT_STANDARD_LIBRARIES = YES;
				BUNDLE_LOADER = "$(TEST_HOST)";
				CODE_SIGN_STYLE = Automatic;
				CURRENT_PROJECT_VERSION = 1;
				DEVELOPMENT_TEAM = TNTX3799P3;
				GENERATE_INFOPLIST_FILE = YES;
				IPHONEOS_DEPLOYMENT_TARGET = 16.4;
				MARKETING_VERSION = 1.0;
				PRODUCT_BUNDLE_IDENTIFIER = DenisDmitriev.GBShopTests;
				PRODUCT_NAME = "$(TARGET_NAME)";
				SWIFT_EMIT_LOC_STRINGS = NO;
				SWIFT_VERSION = 5.0;
				TARGETED_DEVICE_FAMILY = "1,2";
				TEST_HOST = "$(BUILT_PRODUCTS_DIR)/GBShop.app/$(BUNDLE_EXECUTABLE_FOLDER_PATH)/GBShop";
			};
			name = Debug;
		};
		9503789B2A44226A00DDC848 /* Release */ = {
			isa = XCBuildConfiguration;
			buildSettings = {
				ALWAYS_EMBED_SWIFT_STANDARD_LIBRARIES = YES;
				BUNDLE_LOADER = "$(TEST_HOST)";
				CODE_SIGN_STYLE = Automatic;
				CURRENT_PROJECT_VERSION = 1;
				DEVELOPMENT_TEAM = TNTX3799P3;
				GENERATE_INFOPLIST_FILE = YES;
				IPHONEOS_DEPLOYMENT_TARGET = 16.4;
				MARKETING_VERSION = 1.0;
				PRODUCT_BUNDLE_IDENTIFIER = DenisDmitriev.GBShopTests;
				PRODUCT_NAME = "$(TARGET_NAME)";
				SWIFT_EMIT_LOC_STRINGS = NO;
				SWIFT_VERSION = 5.0;
				TARGETED_DEVICE_FAMILY = "1,2";
				TEST_HOST = "$(BUILT_PRODUCTS_DIR)/GBShop.app/$(BUNDLE_EXECUTABLE_FOLDER_PATH)/GBShop";
			};
			name = Release;
		};
		9503789D2A44226A00DDC848 /* Debug */ = {
			isa = XCBuildConfiguration;
			buildSettings = {
				ALWAYS_EMBED_SWIFT_STANDARD_LIBRARIES = YES;
				CODE_SIGN_STYLE = Automatic;
				CURRENT_PROJECT_VERSION = 1;
				DEVELOPMENT_TEAM = TNTX3799P3;
				GENERATE_INFOPLIST_FILE = YES;
				MARKETING_VERSION = 1.0;
				PRODUCT_BUNDLE_IDENTIFIER = DenisDmitriev.GBShopUITests;
				PRODUCT_NAME = "$(TARGET_NAME)";
				SWIFT_EMIT_LOC_STRINGS = NO;
				SWIFT_VERSION = 5.0;
				TARGETED_DEVICE_FAMILY = "1,2";
				TEST_TARGET_NAME = GBShop;
			};
			name = Debug;
		};
		9503789E2A44226A00DDC848 /* Release */ = {
			isa = XCBuildConfiguration;
			buildSettings = {
				ALWAYS_EMBED_SWIFT_STANDARD_LIBRARIES = YES;
				CODE_SIGN_STYLE = Automatic;
				CURRENT_PROJECT_VERSION = 1;
				DEVELOPMENT_TEAM = TNTX3799P3;
				GENERATE_INFOPLIST_FILE = YES;
				MARKETING_VERSION = 1.0;
				PRODUCT_BUNDLE_IDENTIFIER = DenisDmitriev.GBShopUITests;
				PRODUCT_NAME = "$(TARGET_NAME)";
				SWIFT_EMIT_LOC_STRINGS = NO;
				SWIFT_VERSION = 5.0;
				TARGETED_DEVICE_FAMILY = "1,2";
				TEST_TARGET_NAME = GBShop;
			};
			name = Release;
		};
/* End XCBuildConfiguration section */

/* Begin XCConfigurationList section */
		950378682A44226900DDC848 /* Build configuration list for PBXProject "GBShop" */ = {
			isa = XCConfigurationList;
			buildConfigurations = (
				950378942A44226A00DDC848 /* Debug */,
				950378952A44226A00DDC848 /* Release */,
			);
			defaultConfigurationIsVisible = 0;
			defaultConfigurationName = Release;
		};
		950378962A44226A00DDC848 /* Build configuration list for PBXNativeTarget "GBShop" */ = {
			isa = XCConfigurationList;
			buildConfigurations = (
				950378972A44226A00DDC848 /* Debug */,
				950378982A44226A00DDC848 /* Release */,
			);
			defaultConfigurationIsVisible = 0;
			defaultConfigurationName = Release;
		};
		950378992A44226A00DDC848 /* Build configuration list for PBXNativeTarget "GBShopTests" */ = {
			isa = XCConfigurationList;
			buildConfigurations = (
				9503789A2A44226A00DDC848 /* Debug */,
				9503789B2A44226A00DDC848 /* Release */,
			);
			defaultConfigurationIsVisible = 0;
			defaultConfigurationName = Release;
		};
		9503789C2A44226A00DDC848 /* Build configuration list for PBXNativeTarget "GBShopUITests" */ = {
			isa = XCConfigurationList;
			buildConfigurations = (
				9503789D2A44226A00DDC848 /* Debug */,
				9503789E2A44226A00DDC848 /* Release */,
			);
			defaultConfigurationIsVisible = 0;
			defaultConfigurationName = Release;
		};
/* End XCConfigurationList section */

/* Begin XCRemoteSwiftPackageReference section */
		9583AF312A4575D8008BAB2E /* XCRemoteSwiftPackageReference "Alamofire" */ = {
			isa = XCRemoteSwiftPackageReference;
			repositoryURL = "https://github.com/Alamofire/Alamofire.git";
			requirement = {
				kind = upToNextMajorVersion;
				minimumVersion = 5.0.0;
			};
		};
/* End XCRemoteSwiftPackageReference section */

/* Begin XCSwiftPackageProductDependency section */
		9583AF322A4575D8008BAB2E /* Alamofire */ = {
			isa = XCSwiftPackageProductDependency;
			package = 9583AF312A4575D8008BAB2E /* XCRemoteSwiftPackageReference "Alamofire" */;
			productName = Alamofire;
		};
/* End XCSwiftPackageProductDependency section */

/* Begin XCVersionGroup section */
		9503787B2A44226A00DDC848 /* GBShop.xcdatamodeld */ = {
			isa = XCVersionGroup;
			children = (
				9503787C2A44226A00DDC848 /* GBShop.xcdatamodel */,
			);
			currentVersion = 9503787C2A44226A00DDC848 /* GBShop.xcdatamodel */;
			path = GBShop.xcdatamodeld;
			sourceTree = "<group>";
			versionGroupType = wrapper.xcdatamodel;
		};
/* End XCVersionGroup section */
	};
	rootObject = 950378652A44226900DDC848 /* Project object */;
}
